
Microsoft Visual Studio Solution File, Format Version 12.00
# Visual Studio 15
VisualStudioVersion = 15.0.28010.2036
MinimumVisualStudioVersion = 10.0.40219.1
Project("{9A19103F-16F7-4668-BE54-9A1E7A4F7556}") = "AspNetCoreVideo", "AspNetCoreVideo\AspNetCoreVideo.csproj", "{76A71577-1BA7-49F0-8FC4-8DF87113B2F5}"
EndProject
Global
	GlobalSection(SolutionConfigurationPlatforms) = preSolution
		Debug|Any CPU = Debug|Any CPU
		Release|Any CPU = Release|Any CPU
	EndGlobalSection
	GlobalSection(ProjectConfigurationPlatforms) = postSolution
		{76A71577-1BA7-49F0-8FC4-8DF87113B2F5}.Debug|Any CPU.ActiveCfg = Debug|Any CPU
		{76A71577-1BA7-49F0-8FC4-8DF87113B2F5}.Debug|Any CPU.Build.0 = Debug|Any CPU
		{76A71577-1BA7-49F0-8FC4-8DF87113B2F5}.Release|Any CPU.ActiveCfg = Release|Any CPU
		{76A71577-1BA7-49F0-8FC4-8DF87113B2F5}.Release|Any CPU.Build.0 = Release|Any CPU
	EndGlobalSection
	GlobalSection(SolutionProperties) = preSolution
		HideSolutionNode = FALSE
	EndGlobalSection
	GlobalSection(ExtensibilityGlobals) = postSolution
		SolutionGuid = {0E2C2695-3C94-4914-9BC2-EEBF745EB89E}
	EndGlobalSection
EndGlobal
